// !$*UTF8*$!
{
	archiveVersion = 1;
	classes = {
	};
	objectVersion = 46;
	objects = {

/* Begin PBXBuildFile section */
		131E5EE51A28D023008842BD /* main.m in Sources */ = {isa = PBXBuildFile; fileRef = 131E5EE41A28D023008842BD /* main.m */; };
		131E5EE81A28D023008842BD /* AppDelegate.m in Sources */ = {isa = PBXBuildFile; fileRef = 131E5EE71A28D023008842BD /* AppDelegate.m */; };
		131E5EEB1A28D023008842BD /* ViewController.m in Sources */ = {isa = PBXBuildFile; fileRef = 131E5EEA1A28D023008842BD /* ViewController.m */; };
		131E5EEE1A28D023008842BD /* Main.storyboard in Resources */ = {isa = PBXBuildFile; fileRef = 131E5EEC1A28D023008842BD /* Main.storyboard */; };
		131E5EF01A28D023008842BD /* Images.xcassets in Resources */ = {isa = PBXBuildFile; fileRef = 131E5EEF1A28D023008842BD /* Images.xcassets */; };
		131E5EF31A28D023008842BD /* LaunchScreen.xib in Resources */ = {isa = PBXBuildFile; fileRef = 131E5EF11A28D023008842BD /* LaunchScreen.xib */; };
		131E5EFF1A28D023008842BD /* LMSwapInternalViewTests.m in Sources */ = {isa = PBXBuildFile; fileRef = 131E5EFE1A28D023008842BD /* LMSwapInternalViewTests.m */; };
		131E5F0E1A28D076008842BD /* LMSwapChildViewController.m in Sources */ = {isa = PBXBuildFile; fileRef = 131E5F091A28D076008842BD /* LMSwapChildViewController.m */; };
		131E5F0F1A28D076008842BD /* LMSwapContainerViewController.m in Sources */ = {isa = PBXBuildFile; fileRef = 131E5F0B1A28D076008842BD /* LMSwapContainerViewController.m */; };
		131E5F101A28D076008842BD /* FirstVC.m in Sources */ = {isa = PBXBuildFile; fileRef = 131E5F0D1A28D076008842BD /* FirstVC.m */; };
		131E5F141A28D39D008842BD /* LMEmptySegue.m in Sources */ = {isa = PBXBuildFile; fileRef = 131E5F131A28D39D008842BD /* LMEmptySegue.m */; };
		131E5F171A28D64C008842BD /* SecondVC.m in Sources */ = {isa = PBXBuildFile; fileRef = 131E5F161A28D64C008842BD /* SecondVC.m */; };
		131E5F1A1A28D6D8008842BD /* ThirdVC.m in Sources */ = {isa = PBXBuildFile; fileRef = 131E5F191A28D6D8008842BD /* ThirdVC.m */; };
/* End PBXBuildFile section */

/* Begin PBXContainerItemProxy section */
		131E5EF91A28D023008842BD /* PBXContainerItemProxy */ = {
			isa = PBXContainerItemProxy;
			containerPortal = 131E5ED71A28D023008842BD /* Project object */;
			proxyType = 1;
			remoteGlobalIDString = 131E5EDE1A28D023008842BD;
			remoteInfo = LMSwapInternalView;
		};
/* End PBXContainerItemProxy section */

/* Begin PBXFileReference section */
		131E5EDF1A28D023008842BD /* LMSwapInternalView.app */ = {isa = PBXFileReference; explicitFileType = wrapper.application; includeInIndex = 0; path = LMSwapInternalView.app; sourceTree = BUILT_PRODUCTS_DIR; };
		131E5EE31A28D023008842BD /* Info.plist */ = {isa = PBXFileReference; lastKnownFileType = text.plist.xml; path = Info.plist; sourceTree = "<group>"; };
		131E5EE41A28D023008842BD /* main.m */ = {isa = PBXFileReference; lastKnownFileType = sourcecode.c.objc; path = main.m; sourceTree = "<group>"; };
		131E5EE61A28D023008842BD /* AppDelegate.h */ = {isa = PBXFileReference; lastKnownFileType = sourcecode.c.h; path = AppDelegate.h; sourceTree = "<group>"; };
		131E5EE71A28D023008842BD /* AppDelegate.m */ = {isa = PBXFileReference; lastKnownFileType = sourcecode.c.objc; path = AppDelegate.m; sourceTree = "<group>"; };
		131E5EE91A28D023008842BD /* ViewController.h */ = {isa = PBXFileReference; lastKnownFileType = sourcecode.c.h; path = ViewController.h; sourceTree = "<group>"; };
		131E5EEA1A28D023008842BD /* ViewController.m */ = {isa = PBXFileReference; lastKnownFileType = sourcecode.c.objc; path = ViewController.m; sourceTree = "<group>"; };
		131E5EED1A28D023008842BD /* Base */ = {isa = PBXFileReference; lastKnownFileType = file.storyboard; name = Base; path = Base.lproj/Main.storyboard; sourceTree = "<group>"; };
		131E5EEF1A28D023008842BD /* Images.xcassets */ = {isa = PBXFileReference; lastKnownFileType = folder.assetcatalog; path = Images.xcassets; sourceTree = "<group>"; };
		131E5EF21A28D023008842BD /* Base */ = {isa = PBXFileReference; lastKnownFileType = file.xib; name = Base; path = Base.lproj/LaunchScreen.xib; sourceTree = "<group>"; };
		131E5EF81A28D023008842BD /* LMSwapInternalViewTests.xctest */ = {isa = PBXFileReference; explicitFileType = wrapper.cfbundle; includeInIndex = 0; path = LMSwapInternalViewTests.xctest; sourceTree = BUILT_PRODUCTS_DIR; };
		131E5EFD1A28D023008842BD /* Info.plist */ = {isa = PBXFileReference; lastKnownFileType = text.plist.xml; path = Info.plist; sourceTree = "<group>"; };
		131E5EFE1A28D023008842BD /* LMSwapInternalViewTests.m */ = {isa = PBXFileReference; lastKnownFileType = sourcecode.c.objc; path = LMSwapInternalViewTests.m; sourceTree = "<group>"; };
		131E5F081A28D076008842BD /* LMSwapChildViewController.h */ = {isa = PBXFileReference; fileEncoding = 4; lastKnownFileType = sourcecode.c.h; path = LMSwapChildViewController.h; sourceTree = "<group>"; };
		131E5F091A28D076008842BD /* LMSwapChildViewController.m */ = {isa = PBXFileReference; fileEncoding = 4; lastKnownFileType = sourcecode.c.objc; path = LMSwapChildViewController.m; sourceTree = "<group>"; };
		131E5F0A1A28D076008842BD /* LMSwapContainerViewController.h */ = {isa = PBXFileReference; fileEncoding = 4; lastKnownFileType = sourcecode.c.h; path = LMSwapContainerViewController.h; sourceTree = "<group>"; };
		131E5F0B1A28D076008842BD /* LMSwapContainerViewController.m */ = {isa = PBXFileReference; fileEncoding = 4; lastKnownFileType = sourcecode.c.objc; path = LMSwapContainerViewController.m; sourceTree = "<group>"; };
		131E5F0C1A28D076008842BD /* FirstVC.h */ = {isa = PBXFileReference; fileEncoding = 4; lastKnownFileType = sourcecode.c.h; path = FirstVC.h; sourceTree = "<group>"; };
		131E5F0D1A28D076008842BD /* FirstVC.m */ = {isa = PBXFileReference; fileEncoding = 4; lastKnownFileType = sourcecode.c.objc; path = FirstVC.m; sourceTree = "<group>"; };
		131E5F121A28D39D008842BD /* LMEmptySegue.h */ = {isa = PBXFileReference; fileEncoding = 4; lastKnownFileType = sourcecode.c.h; path = LMEmptySegue.h; sourceTree = "<group>"; };
		131E5F131A28D39D008842BD /* LMEmptySegue.m */ = {isa = PBXFileReference; fileEncoding = 4; lastKnownFileType = sourcecode.c.objc; path = LMEmptySegue.m; sourceTree = "<group>"; };
		131E5F151A28D64C008842BD /* SecondVC.h */ = {isa = PBXFileReference; fileEncoding = 4; lastKnownFileType = sourcecode.c.h; path = SecondVC.h; sourceTree = "<group>"; };
		131E5F161A28D64C008842BD /* SecondVC.m */ = {isa = PBXFileReference; fileEncoding = 4; lastKnownFileType = sourcecode.c.objc; path = SecondVC.m; sourceTree = "<group>"; };
		131E5F181A28D6D8008842BD /* ThirdVC.h */ = {isa = PBXFileReference; fileEncoding = 4; lastKnownFileType = sourcecode.c.h; path = ThirdVC.h; sourceTree = "<group>"; };
		131E5F191A28D6D8008842BD /* ThirdVC.m */ = {isa = PBXFileReference; fileEncoding = 4; lastKnownFileType = sourcecode.c.objc; path = ThirdVC.m; sourceTree = "<group>"; };
/* End PBXFileReference section */

/* Begin PBXFrameworksBuildPhase section */
		131E5EDC1A28D023008842BD /* Frameworks */ = {
			isa = PBXFrameworksBuildPhase;
			buildActionMask = 2147483647;
			files = (
			);
			runOnlyForDeploymentPostprocessing = 0;
		};
		131E5EF51A28D023008842BD /* Frameworks */ = {
			isa = PBXFrameworksBuildPhase;
			buildActionMask = 2147483647;
			files = (
			);
			runOnlyForDeploymentPostprocessing = 0;
		};
/* End PBXFrameworksBuildPhase section */

/* Begin PBXGroup section */
		131E5ED61A28D023008842BD = {
			isa = PBXGroup;
			children = (
				131E5EE11A28D023008842BD /* LMSwapInternalView */,
				131E5EFB1A28D023008842BD /* LMSwapInternalViewTests */,
				131E5EE01A28D023008842BD /* Products */,
			);
			sourceTree = "<group>";
		};
		131E5EE01A28D023008842BD /* Products */ = {
			isa = PBXGroup;
			children = (
				131E5EDF1A28D023008842BD /* LMSwapInternalView.app */,
				131E5EF81A28D023008842BD /* LMSwapInternalViewTests.xctest */,
			);
			name = Products;
			sourceTree = "<group>";
		};
		131E5EE11A28D023008842BD /* LMSwapInternalView */ = {
			isa = PBXGroup;
			children = (
				131E5F111A28D0C5008842BD /* LMSwap */,
				131E5F0C1A28D076008842BD /* FirstVC.h */,
				131E5F0D1A28D076008842BD /* FirstVC.m */,
				131E5F151A28D64C008842BD /* SecondVC.h */,
				131E5F161A28D64C008842BD /* SecondVC.m */,
				131E5F181A28D6D8008842BD /* ThirdVC.h */,
				131E5F191A28D6D8008842BD /* ThirdVC.m */,
				131E5EE61A28D023008842BD /* AppDelegate.h */,
				131E5EE71A28D023008842BD /* AppDelegate.m */,
				131E5EE91A28D023008842BD /* ViewController.h */,
				131E5EEA1A28D023008842BD /* ViewController.m */,
				131E5EEC1A28D023008842BD /* Main.storyboard */,
				131E5EEF1A28D023008842BD /* Images.xcassets */,
				131E5EF11A28D023008842BD /* LaunchScreen.xib */,
				131E5EE21A28D023008842BD /* Supporting Files */,
			);
			path = LMSwapInternalView;
			sourceTree = "<group>";
		};
		131E5EE21A28D023008842BD /* Supporting Files */ = {
			isa = PBXGroup;
			children = (
				131E5EE31A28D023008842BD /* Info.plist */,
				131E5EE41A28D023008842BD /* main.m */,
			);
			name = "Supporting Files";
			sourceTree = "<group>";
		};
		131E5EFB1A28D023008842BD /* LMSwapInternalViewTests */ = {
			isa = PBXGroup;
			children = (
				131E5EFE1A28D023008842BD /* LMSwapInternalViewTests.m */,
				131E5EFC1A28D023008842BD /* Supporting Files */,
			);
			path = LMSwapInternalViewTests;
			sourceTree = "<group>";
		};
		131E5EFC1A28D023008842BD /* Supporting Files */ = {
			isa = PBXGroup;
			children = (
				131E5EFD1A28D023008842BD /* Info.plist */,
			);
			name = "Supporting Files";
			sourceTree = "<group>";
		};
		131E5F111A28D0C5008842BD /* LMSwap */ = {
			isa = PBXGroup;
			children = (
				131E5F121A28D39D008842BD /* LMEmptySegue.h */,
				131E5F131A28D39D008842BD /* LMEmptySegue.m */,
				131E5F081A28D076008842BD /* LMSwapChildViewController.h */,
				131E5F091A28D076008842BD /* LMSwapChildViewController.m */,
				131E5F0A1A28D076008842BD /* LMSwapContainerViewController.h */,
				131E5F0B1A28D076008842BD /* LMSwapContainerViewController.m */,
			);
			name = LMSwap;
			sourceTree = "<group>";
		};
/* End PBXGroup section */

/* Begin PBXNativeTarget section */
		131E5EDE1A28D023008842BD /* LMSwapInternalView */ = {
			isa = PBXNativeTarget;
			buildConfigurationList = 131E5F021A28D023008842BD /* Build configuration list for PBXNativeTarget "LMSwapInternalView" */;
			buildPhases = (
				131E5EDB1A28D023008842BD /* Sources */,
				131E5EDC1A28D023008842BD /* Frameworks */,
				131E5EDD1A28D023008842BD /* Resources */,
			);
			buildRules = (
			);
			dependencies = (
			);
			name = LMSwapInternalView;
			productName = LMSwapInternalView;
			productReference = 131E5EDF1A28D023008842BD /* LMSwapInternalView.app */;
			productType = "com.apple.product-type.application";
		};
		131E5EF71A28D023008842BD /* LMSwapInternalViewTests */ = {
			isa = PBXNativeTarget;
			buildConfigurationList = 131E5F051A28D023008842BD /* Build configuration list for PBXNativeTarget "LMSwapInternalViewTests" */;
			buildPhases = (
				131E5EF41A28D023008842BD /* Sources */,
				131E5EF51A28D023008842BD /* Frameworks */,
				131E5EF61A28D023008842BD /* Resources */,
			);
			buildRules = (
			);
			dependencies = (
				131E5EFA1A28D023008842BD /* PBXTargetDependency */,
			);
			name = LMSwapInternalViewTests;
			productName = LMSwapInternalViewTests;
			productReference = 131E5EF81A28D023008842BD /* LMSwapInternalViewTests.xctest */;
			productType = "com.apple.product-type.bundle.unit-test";
		};
/* End PBXNativeTarget section */

/* Begin PBXProject section */
		131E5ED71A28D023008842BD /* Project object */ = {
			isa = PBXProject;
			attributes = {
				LastUpgradeCheck = 0610;
				ORGANIZATIONNAME = "羊小咩";
				TargetAttributes = {
					131E5EDE1A28D023008842BD = {
						CreatedOnToolsVersion = 6.1;
					};
					131E5EF71A28D023008842BD = {
						CreatedOnToolsVersion = 6.1;
						TestTargetID = 131E5EDE1A28D023008842BD;
					};
				};
			};
			buildConfigurationList = 131E5EDA1A28D023008842BD /* Build configuration list for PBXProject "LMSwapInternalView" */;
			compatibilityVersion = "Xcode 3.2";
			developmentRegion = English;
			hasScannedForEncodings = 0;
			knownRegions = (
				en,
				Base,
			);
			mainGroup = 131E5ED61A28D023008842BD;
			productRefGroup = 131E5EE01A28D023008842BD /* Products */;
			projectDirPath = "";
			projectRoot = "";
			targets = (
				131E5EDE1A28D023008842BD /* LMSwapInternalView */,
				131E5EF71A28D023008842BD /* LMSwapInternalViewTests */,
			);
		};
/* End PBXProject section */

/* Begin PBXResourcesBuildPhase section */
		131E5EDD1A28D023008842BD /* Resources */ = {
			isa = PBXResourcesBuildPhase;
			buildActionMask = 2147483647;
			files = (
				131E5EEE1A28D023008842BD /* Main.storyboard in Resources */,
				131E5EF31A28D023008842BD /* LaunchScreen.xib in Resources */,
				131E5EF01A28D023008842BD /* Images.xcassets in Resources */,
			);
			runOnlyForDeploymentPostprocessing = 0;
		};
		131E5EF61A28D023008842BD /* Resources */ = {
			isa = PBXResourcesBuildPhase;
			buildActionMask = 2147483647;
			files = (
			);
			runOnlyForDeploymentPostprocessing = 0;
		};
/* End PBXResourcesBuildPhase section */

/* Begin PBXSourcesBuildPhase section */
		131E5EDB1A28D023008842BD /* Sources */ = {
			isa = PBXSourcesBuildPhase;
			buildActionMask = 2147483647;
			files = (
				131E5EEB1A28D023008842BD /* ViewController.m in Sources */,
				131E5F0E1A28D076008842BD /* LMSwapChildViewController.m in Sources */,
				131E5EE81A28D023008842BD /* AppDelegate.m in Sources */,
				131E5F0F1A28D076008842BD /* LMSwapContainerViewController.m in Sources */,
				131E5EE51A28D023008842BD /* main.m in Sources */,
				131E5F101A28D076008842BD /* FirstVC.m in Sources */,
				131E5F1A1A28D6D8008842BD /* ThirdVC.m in Sources */,
				131E5F141A28D39D008842BD /* LMEmptySegue.m in Sources */,
				131E5F171A28D64C008842BD /* SecondVC.m in Sources */,
			);
			runOnlyForDeploymentPostprocessing = 0;
		};
		131E5EF41A28D023008842BD /* Sources */ = {
			isa = PBXSourcesBuildPhase;
			buildActionMask = 2147483647;
			files = (
				131E5EFF1A28D023008842BD /* LMSwapInternalViewTests.m in Sources */,
			);
			runOnlyForDeploymentPostprocessing = 0;
		};
/* End PBXSourcesBuildPhase section */

/* Begin PBXTargetDependency section */
		131E5EFA1A28D023008842BD /* PBXTargetDependency */ = {
			isa = PBXTargetDependency;
			target = 131E5EDE1A28D023008842BD /* LMSwapInternalView */;
			targetProxy = 131E5EF91A28D023008842BD /* PBXContainerItemProxy */;
		};
/* End PBXTargetDependency section */

/* Begin PBXVariantGroup section */
		131E5EEC1A28D023008842BD /* Main.storyboard */ = {
			isa = PBXVariantGroup;
			children = (
				131E5EED1A28D023008842BD /* Base */,
			);
			name = Main.storyboard;
			sourceTree = "<group>";
		};
		131E5EF11A28D023008842BD /* LaunchScreen.xib */ = {
			isa = PBXVariantGroup;
			children = (
				131E5EF21A28D023008842BD /* Base */,
			);
			name = LaunchScreen.xib;
			sourceTree = "<group>";
		};
/* End PBXVariantGroup section */

/* Begin XCBuildConfiguration section */
		131E5F001A28D023008842BD /* Debug */ = {
			isa = XCBuildConfiguration;
			buildSettings = {
				ALWAYS_SEARCH_USER_PATHS = NO;
				CLANG_CXX_LANGUAGE_STANDARD = "gnu++0x";
				CLANG_CXX_LIBRARY = "libc++";
				CLANG_ENABLE_MODULES = YES;
				CLANG_ENABLE_OBJC_ARC = YES;
				CLANG_WARN_BOOL_CONVERSION = YES;
				CLANG_WARN_CONSTANT_CONVERSION = YES;
				CLANG_WARN_DIRECT_OBJC_ISA_USAGE = YES_ERROR;
				CLANG_WARN_EMPTY_BODY = YES;
				CLANG_WARN_ENUM_CONVERSION = YES;
				CLANG_WARN_INT_CONVERSION = YES;
				CLANG_WARN_OBJC_ROOT_CLASS = YES_ERROR;
				CLANG_WARN_UNREACHABLE_CODE = YES;
				CLANG_WARN__DUPLICATE_METHOD_MATCH = YES;
				"CODE_SIGN_IDENTITY[sdk=iphoneos*]" = "iPhone Developer";
				COPY_PHASE_STRIP = NO;
				ENABLE_STRICT_OBJC_MSGSEND = YES;
				GCC_C_LANGUAGE_STANDARD = gnu99;
				GCC_DYNAMIC_NO_PIC = NO;
				GCC_OPTIMIZATION_LEVEL = 0;
				GCC_PREPROCESSOR_DEFINITIONS = (
					"DEBUG=1",
					"$(inherited)",
				);
				GCC_SYMBOLS_PRIVATE_EXTERN = NO;
				GCC_WARN_64_TO_32_BIT_CONVERSION = YES;
				GCC_WARN_ABOUT_RETURN_TYPE = YES_ERROR;
				GCC_WARN_UNDECLARED_SELECTOR = YES;
				GCC_WARN_UNINITIALIZED_AUTOS = YES_AGGRESSIVE;
				GCC_WARN_UNUSED_FUNCTION = YES;
				GCC_WARN_UNUSED_VARIABLE = YES;
				IPHONEOS_DEPLOYMENT_TARGET = 8.1;
				MTL_ENABLE_DEBUG_INFO = YES;
				ONLY_ACTIVE_ARCH = YES;
				SDKROOT = iphoneos;
			};
			name = Debug;
		};
		131E5F011A28D023008842BD /* Release */ = {
			isa = XCBuildConfiguration;
			buildSettings = {
				ALWAYS_SEARCH_USER_PATHS = NO;
				CLANG_CXX_LANGUAGE_STANDARD = "gnu++0x";
				CLANG_CXX_LIBRARY = "libc++";
				CLANG_ENABLE_MODULES = YES;
				CLANG_ENABLE_OBJC_ARC = YES;
				CLANG_WARN_BOOL_CONVERSION = YES;
				CLANG_WARN_CONSTANT_CONVERSION = YES;
				CLANG_WARN_DIRECT_OBJC_ISA_USAGE = YES_ERROR;
				CLANG_WARN_EMPTY_BODY = YES;
				CLANG_WARN_ENUM_CONVERSION = YES;
				CLANG_WARN_INT_CONVERSION = YES;
				CLANG_WARN_OBJC_ROOT_CLASS = YES_ERROR;
				CLANG_WARN_UNREACHABLE_CODE = YES;
				CLANG_WARN__DUPLICATE_METHOD_MATCH = YES;
				"CODE_SIGN_IDENTITY[sdk=iphoneos*]" = "iPhone Developer";
				COPY_PHASE_STRIP = YES;
				ENABLE_NS_ASSERTIONS = NO;
				ENABLE_STRICT_OBJC_MSGSEND = YES;
				GCC_C_LANGUAGE_STANDARD = gnu99;
				GCC_WARN_64_TO_32_BIT_CONVERSION = YES;
				GCC_WARN_ABOUT_RETURN_TYPE = YES_ERROR;
				GCC_WARN_UNDECLARED_SELECTOR = YES;
				GCC_WARN_UNINITIALIZED_AUTOS = YES_AGGRESSIVE;
				GCC_WARN_UNUSED_FUNCTION = YES;
				GCC_WARN_UNUSED_VARIABLE = YES;
				IPHONEOS_DEPLOYMENT_TARGET = 8.1;
				MTL_ENABLE_DEBUG_INFO = NO;
				SDKROOT = iphoneos;
				VALIDATE_PRODUCT = YES;
			};
			name = Release;
		};
		131E5F031A28D023008842BD /* Debug */ = {
			isa = XCBuildConfiguration;
			buildSettings = {
				ASSETCATALOG_COMPILER_APPICON_NAME = AppIcon;
				INFOPLIST_FILE = LMSwapInternalView/Info.plist;
				LD_RUNPATH_SEARCH_PATHS = "$(inherited) @executable_path/Frameworks";
				PRODUCT_NAME = "$(TARGET_NAME)";
			};
			name = Debug;
		};
		131E5F041A28D023008842BD /* Release */ = {
			isa = XCBuildConfiguration;
			buildSettings = {
				ASSETCATALOG_COMPILER_APPICON_NAME = AppIcon;
				INFOPLIST_FILE = LMSwapInternalView/Info.plist;
				LD_RUNPATH_SEARCH_PATHS = "$(inherited) @executable_path/Frameworks";
				PRODUCT_NAME = "$(TARGET_NAME)";
			};
			name = Release;
		};
		131E5F061A28D023008842BD /* Debug */ = {
			isa = XCBuildConfiguration;
			buildSettings = {
				BUNDLE_LOADER = "$(TEST_HOST)";
				FRAMEWORK_SEARCH_PATHS = (
					"$(SDKROOT)/Developer/Library/Frameworks",
					"$(inherited)",
				);
				GCC_PREPROCESSOR_DEFINITIONS = (
					"DEBUG=1",
					"$(inherited)",
				);
				INFOPLIST_FILE = LMSwapInternalViewTests/Info.plist;
				LD_RUNPATH_SEARCH_PATHS = "$(inherited) @executable_path/Frameworks @loader_path/Frameworks";
				PRODUCT_NAME = "$(TARGET_NAME)";
				TEST_HOST = "$(BUILT_PRODUCTS_DIR)/LMSwapInternalView.app/LMSwapInternalView";
			};
			name = Debug;
		};
		131E5F071A28D023008842BD /* Release */ = {
			isa = XCBuildConfiguration;
			buildSettings = {
				BUNDLE_LOADER = "$(TEST_HOST)";
				FRAMEWORK_SEARCH_PATHS = (
					"$(SDKROOT)/Developer/Library/Frameworks",
					"$(inherited)",
				);
				INFOPLIST_FILE = LMSwapInternalViewTests/Info.plist;
				LD_RUNPATH_SEARCH_PATHS = "$(inherited) @executable_path/Frameworks @loader_path/Frameworks";
				PRODUCT_NAME = "$(TARGET_NAME)";
				TEST_HOST = "$(BUILT_PRODUCTS_DIR)/LMSwapInternalView.app/LMSwapInternalView";
			};
			name = Release;
		};
/* End XCBuildConfiguration section */

/* Begin XCConfigurationList section */
		131E5EDA1A28D023008842BD /* Build configuration list for PBXProject "LMSwapInternalView" */ = {
			isa = XCConfigurationList;
			buildConfigurations = (
				131E5F001A28D023008842BD /* Debug */,
				131E5F011A28D023008842BD /* Release */,
			);
			defaultConfigurationIsVisible = 0;
			defaultConfigurationName = Release;
		};
		131E5F021A28D023008842BD /* Build configuration list for PBXNativeTarget "LMSwapInternalView" */ = {
			isa = XCConfigurationList;
			buildConfigurations = (
				131E5F031A28D023008842BD /* Debug */,
				131E5F041A28D023008842BD /* Release */,
			);
			defaultConfigurationIsVisible = 0;
		};
		131E5F051A28D023008842BD /* Build configuration list for PBXNativeTarget "LMSwapInternalViewTests" */ = {
			isa = XCConfigurationList;
			buildConfigurations = (
				131E5F061A28D023008842BD /* Debug */,
				131E5F071A28D023008842BD /* Release */,
			);
			defaultConfigurationIsVisible = 0;
		};
/* End XCConfigurationList section */
	};
	rootObject = 131E5ED71A28D023008842BD /* Project object */;
}
